
Microsoft Visual Studio Solution File, Format Version 12.00
# Visual Studio Version 16
VisualStudioVersion = 16.0.29926.136
MinimumVisualStudioVersion = 10.0.40219.1
Project("{9A19103F-16F7-4668-BE54-9A1E7A4F7556}") = "GeneralExtensions", "GeneralExtensions\GeneralExtensions.csproj", "{CD1977F7-6B71-4AB4-9C43-82C2E8ADD1F7}"
EndProject
Project("{9A19103F-16F7-4668-BE54-9A1E7A4F7556}") = "GeneralExtensions.Tests", "GeneralExtensions.Tests\GeneralExtensions.Tests.csproj", "{C6F0EDD3-9433-44AE-B8AC-592FEE7E91E0}"
EndProject
Global
	GlobalSection(SolutionConfigurationPlatforms) = preSolution
		Debug|Any CPU = Debug|Any CPU
		Release|Any CPU = Release|Any CPU
	EndGlobalSection
	GlobalSection(ProjectConfigurationPlatforms) = postSolution
		{CD1977F7-6B71-4AB4-9C43-82C2E8ADD1F7}.Debug|Any CPU.ActiveCfg = Debug|Any CPU
		{CD1977F7-6B71-4AB4-9C43-82C2E8ADD1F7}.Debug|Any CPU.Build.0 = Debug|Any CPU
		{CD1977F7-6B71-4AB4-9C43-82C2E8ADD1F7}.Release|Any CPU.ActiveCfg = Release|Any CPU
		{CD1977F7-6B71-4AB4-9C43-82C2E8ADD1F7}.Release|Any CPU.Build.0 = Release|Any CPU
		{C6F0EDD3-9433-44AE-B8AC-592FEE7E91E0}.Debug|Any CPU.ActiveCfg = Debug|Any CPU
		{C6F0EDD3-9433-44AE-B8AC-592FEE7E91E0}.Debug|Any CPU.Build.0 = Debug|Any CPU
		{C6F0EDD3-9433-44AE-B8AC-592FEE7E91E0}.Release|Any CPU.ActiveCfg = Release|Any CPU
		{C6F0EDD3-9433-44AE-B8AC-592FEE7E91E0}.Release|Any CPU.Build.0 = Release|Any CPU
	EndGlobalSection
	GlobalSection(SolutionProperties) = preSolution
		HideSolutionNode = FALSE
	EndGlobalSection
	GlobalSection(ExtensibilityGlobals) = postSolution
		SolutionGuid = {EDB21770-6879-40C0-8041-C55B61AFBDD1}
	EndGlobalSection
EndGlobal
